{
  "version": 1,
  "dependencies": {
    "net10.0": {
      "FSharp.Compiler.Service": {
        "type": "Direct",
        "requested": "[43.10.103, 43.10.103]",
        "resolved": "43.10.103",
        "contentHash": "wZQN77Sg2qJef5pOO/GVGjvi2MO0Z4tUyo/YUj4kqDLaJklhPeOtitMI7c+bvV2lG/EnP7GrfnxEwkdxlClVnw==",
        "dependencies": {
          "FSharp.Core": "[10.0.103]"
        }
      },
      "FSharp.Core": {
        "type": "Direct",
        "requested": "[10.0.103, 10.0.103]",
        "resolved": "10.0.103",
        "contentHash": "GfQInb74eDh9JZ8wx4+t/lOrH1uRqZvneuViVJ8CwbQwmtyyZoeGuzRayL01MNAsm8B6eRenWwJThu01EFPeKg=="
      },
      "queil.fsharp.fschost.configuration": {
        "type": "Project",
        "dependencies": {
          "FSharp.Core": "[10.0.103, 10.0.103]"
        }
      },
      "queil.fsharp.hashing": {
        "type": "Project",
        "dependencies": {
          "FSharp.Core": "[10.0.103, 10.0.103]"
        }
      }
    },
    "net9.0": {
      "FSharp.Compiler.Service": {
        "type": "Direct",
        "requested": "[43.9.303, 43.9.303]",
        "resolved": "43.9.303",
        "contentHash": "Cl5C77FaCqg8gTLHoUnE+JCVR1fPOKaDIpdnB5eDxS8FWrGAWNjeu+ekSYi6xa+N5zwtW+p/o+wHRCI38iOVNA==",
        "dependencies": {
          "FSharp.Core": "[9.0.303]"
        }
      },
      "FSharp.Core": {
        "type": "Direct",
        "requested": "[9.0.303, 9.0.303]",
        "resolved": "9.0.303",
        "contentHash": "6JlV8aD8qQvcmfoe/PMOxCHXc0uX4lR23u0fAyQtnVQxYULLoTZgwgZHSnRcuUHOvS3wULFWcwdnP1iwslH60g=="
      },
      "queil.fsharp.fschost.configuration": {
        "type": "Project",
        "dependencies": {
          "FSharp.Core": "[9.0.303, 9.0.303]"
        }
      },
      "queil.fsharp.hashing": {
        "type": "Project",
        "dependencies": {
          "FSharp.Core": "[9.0.303, 9.0.303]"
        }
      }
    }
  }
}