{
  "version": 1,
  "dependencies": {
    "net10.0": {
      "FSharp.Compiler.Service": {
        "type": "Direct",
        "requested": "[43.10.100-rc2.25502.107, 43.10.100-rc2.25502.107]",
        "resolved": "43.10.100-rc2.25502.107",
        "contentHash": "mbskK0C6iIBs0xOlTZ/wGJaDWVOXfmKAi2TAmOULXRdbD7mHIPu3Icx2eSzh2g/cNJXcHYK9Hqqe+/5DkLsGjg==",
        "dependencies": {
          "FSharp.Core": "[10.0.100-rc2.25502.107]"
        }
      },
      "FSharp.Core": {
        "type": "Direct",
        "requested": "[10.0.100-rc2.25502.107, 10.0.100-rc2.25502.107]",
        "resolved": "10.0.100-rc2.25502.107",
        "contentHash": "CyYJdB2yAO2SVHo60MycjBzZKxCAVN9XjJArDfhTHoty6IudRm/oWzsBpcl2ItkYRgO09BV9bPG+aWjYNlpXEw=="
      },
      "Chessie": {
        "type": "Transitive",
        "resolved": "0.6.0",
        "contentHash": "EzfvxiU+b9WmW2C1Q4Ns2AX2IAq6I6n8P+Lv4gzKmeDoj8FD+goHLMqwoaE08E91nQwlEzxd9iwkdwf5E5YGCQ==",
        "dependencies": {
          "FSharp.Core": "4.0.1.7-alpha",
          "NETStandard.Library": "1.6.0"
        }
      },
      "Microsoft.NETCore.Platforms": {
        "type": "Transitive",
        "resolved": "1.0.1",
        "contentHash": "2G6OjjJzwBfNOO8myRV/nFrbTw5iA+DEm0N+qUqhrOmaVtn4pC77h38I1jsXGw5VH55+dPfQsqHD0We9sCl9FQ=="
      },
      "Mono.Cecil": {
        "type": "Transitive",
        "resolved": "0.11.3",
        "contentHash": "DNYE+io5XfEE8+E+5padThTPHJARJHbz1mhbhMPNrrWGKVKKqj/KEeLvbawAmbIcT73NuxLV7itHZaYCZcVWGg=="
      },
      "NETStandard.Library": {
        "type": "Transitive",
        "resolved": "1.6.0",
        "contentHash": "ypsCvIdCZ4IoYASJHt6tF2fMo7N30NLgV1EbmC+snO490OMl9FvVxmumw14rhReWU3j3g7BYudG6YCrchwHJlA==",
        "dependencies": {
          "Microsoft.NETCore.Platforms": "1.0.1"
        }
      },
      "Newtonsoft.Json": {
        "type": "Transitive",
        "resolved": "13.0.1",
        "contentHash": "ppPFpBcvxdsfUonNcvITKqLl3bqxWbDCZIzDWHzjpdAHRFfZe0Dw9HmA0+za13IdyrgJwpkDTDA9fHaxOrt20A=="
      },
      "NuGet.Common": {
        "type": "Transitive",
        "resolved": "5.9.1",
        "contentHash": "BRX0V8k8QXcEWL33V2HcBU1+eu/Qp5LDJlheYFSZ03hKjlHVHFfLquvUUYLgSNO7tiBxCFe7pTSgO4XanyzteQ==",
        "dependencies": {
          "NuGet.Frameworks": "5.9.1"
        }
      },
      "NuGet.Configuration": {
        "type": "Transitive",
        "resolved": "5.9.1",
        "contentHash": "dpjLDYEuhR1J8L3s9c1qVHEBaWqFI2/x3qRmhqVYDLB5B9ETVe1jVkxLkFQreQVgh+N5cVgtZWx1jGuArj7QaQ==",
        "dependencies": {
          "NuGet.Common": "5.9.1",
          "System.Security.Cryptography.ProtectedData": "4.4.0"
        }
      },
      "NuGet.Frameworks": {
        "type": "Transitive",
        "resolved": "5.9.1",
        "contentHash": "LuJA875MQpPMdik6KUsDUnEDSXWX+T/sExFikA0A5zGFkEW37weP5b6NxljWlrw4UNOWTgmTeumm802Jwz20sw=="
      },
      "NuGet.Packaging": {
        "type": "Transitive",
        "resolved": "5.9.1",
        "contentHash": "deaGBf7KGllJxXZ0u2gQkoQuvMhbJhntUwJZcmlA5fZdAhw6SsDgaRG0bW4x4dX4K09Bxqhh8pfow/0AP0ke7Q==",
        "dependencies": {
          "Newtonsoft.Json": "9.0.1",
          "NuGet.Configuration": "5.9.1",
          "NuGet.Versioning": "5.9.1",
          "System.Security.Cryptography.Pkcs": "5.0.0"
        }
      },
      "NuGet.Versioning": {
        "type": "Transitive",
        "resolved": "5.9.1",
        "contentHash": "I/2Z/dAcV6tz8Bri9lYbcMoq6R9J1J8Vv23gDCAnWjwrIdwunhmnWgiZx/b7cmlEXaD1r0kxen18fXYoyqs4rg=="
      },
      "Paket.Core": {
        "type": "Transitive",
        "resolved": "9.0.2",
        "contentHash": "8qbYgqP4CrbW0EqJzXeYzQgFD8k7pzMuYkjmK1Buxl8i0jenI0Hm1r9PmgXlLVFbbJ9vj1FtTakm6N5GM8X4/g==",
        "dependencies": {
          "Chessie": "0.6.0",
          "FSharp.Core": "8.0.400",
          "Mono.Cecil": "[0.11.3, 0.12.0)",
          "Newtonsoft.Json": "13.0.1",
          "Nuget.Packaging": "5.9.1",
          "System.Net.Http.WinHttpHandler": "5.0.0",
          "System.Security.Cryptography.ProtectedData": "5.0.0"
        }
      },
      "System.Net.Http.WinHttpHandler": {
        "type": "Transitive",
        "resolved": "5.0.0",
        "contentHash": "Mq6dPidztlkEwzjmzK4gtla8N8MTfjCyd0yub/8DY5UbkbV82wU+kiMoBHHjQ2fY70RrdraEoeZFgH915lHJhg=="
      },
      "System.Security.Cryptography.Pkcs": {
        "type": "Transitive",
        "resolved": "5.0.0",
        "contentHash": "9TPLGjBCGKmNvG8pjwPeuYy0SMVmGZRwlTZvyPHDbYv/DRkoeumJdfumaaDNQzVGMEmbWtg07zUpSW9q70IlDQ=="
      },
      "System.Security.Cryptography.ProtectedData": {
        "type": "Transitive",
        "resolved": "5.0.0",
        "contentHash": "HGxMSAFAPLNoxBvSfW08vHde0F9uh7BjASwu6JF9JnXuEPhCY3YUqURn0+bQV/4UWeaqymmrHWV+Aw9riQCtCA=="
      },
      "queil.fsharp.dependencymanager.paket": {
        "type": "Project",
        "dependencies": {
          "FSharp.Core": "[10.0.100-rc2.25502.107, 10.0.100-rc2.25502.107]",
          "Paket.Core": "[9.0.2, 9.0.2]",
          "Queil.FSharp.Hashing": "[1.0.0, )"
        }
      },
      "queil.fsharp.hashing": {
        "type": "Project",
        "dependencies": {
          "FSharp.Core": "[10.0.100-rc2.25502.107, )"
        }
      }
    }
  }
}