{
  "version": 1,
  "dependencies": {
    "net10.0": {
      "FSharp.Compiler.Service": {
        "type": "Direct",
        "requested": "[43.10.102, 43.10.102]",
        "resolved": "43.10.102",
        "contentHash": "akU57VniV8pkBP3O1ygRl5jFXbFOrjBvt1Vwe5AA+/DuTjDB72RsUnq2E/HJjioNMk5+HoTBv35tWDQ9cyBDIA==",
        "dependencies": {
          "FSharp.Core": "[10.0.102]"
        }
      },
      "FSharp.Core": {
        "type": "Direct",
        "requested": "[10.0.102, 10.0.102]",
        "resolved": "10.0.102",
        "contentHash": "umz5pbtOvL/F9U5sibhREzZT2ewAs//nRTMwj8XcOOjMdOP828tipLpEhb2fZNijhiyikJ6Nr/dsMc/lj58W9w=="
      },
      "Chessie": {
        "type": "Transitive",
        "resolved": "0.6.0",
        "contentHash": "EzfvxiU+b9WmW2C1Q4Ns2AX2IAq6I6n8P+Lv4gzKmeDoj8FD+goHLMqwoaE08E91nQwlEzxd9iwkdwf5E5YGCQ==",
        "dependencies": {
          "FSharp.Core": "4.0.1.7-alpha",
          "NETStandard.Library": "1.6.0"
        }
      },
      "Microsoft.NETCore.Platforms": {
        "type": "Transitive",
        "resolved": "1.0.1",
        "contentHash": "2G6OjjJzwBfNOO8myRV/nFrbTw5iA+DEm0N+qUqhrOmaVtn4pC77h38I1jsXGw5VH55+dPfQsqHD0We9sCl9FQ=="
      },
      "Mono.Cecil": {
        "type": "Transitive",
        "resolved": "0.11.3",
        "contentHash": "DNYE+io5XfEE8+E+5padThTPHJARJHbz1mhbhMPNrrWGKVKKqj/KEeLvbawAmbIcT73NuxLV7itHZaYCZcVWGg=="
      },
      "NETStandard.Library": {
        "type": "Transitive",
        "resolved": "1.6.0",
        "contentHash": "ypsCvIdCZ4IoYASJHt6tF2fMo7N30NLgV1EbmC+snO490OMl9FvVxmumw14rhReWU3j3g7BYudG6YCrchwHJlA==",
        "dependencies": {
          "Microsoft.NETCore.Platforms": "1.0.1"
        }
      },
      "Newtonsoft.Json": {
        "type": "Transitive",
        "resolved": "13.0.1",
        "contentHash": "ppPFpBcvxdsfUonNcvITKqLl3bqxWbDCZIzDWHzjpdAHRFfZe0Dw9HmA0+za13IdyrgJwpkDTDA9fHaxOrt20A=="
      },
      "NuGet.Common": {
        "type": "Transitive",
        "resolved": "5.11.6",
        "contentHash": "v1eomnFqX97GSjBZfumhI1KzdrmxK16lg1631nG8Yj1FYe29XOky8tiIZqtHwIr90UCi4DxBavQwiUXes3qJOg==",
        "dependencies": {
          "NuGet.Frameworks": "5.11.6"
        }
      },
      "NuGet.Configuration": {
        "type": "Transitive",
        "resolved": "5.11.6",
        "contentHash": "rEHkqj6M3ehLTC6dfchJo1hfYkmb9Pp59lI1pqSNRtqKLZiRzp7Ig1RRsUopQvrLKFdXYftlPoR1IqJwhfnTXQ==",
        "dependencies": {
          "NuGet.Common": "5.11.6",
          "System.Security.Cryptography.ProtectedData": "4.4.0"
        }
      },
      "NuGet.Frameworks": {
        "type": "Transitive",
        "resolved": "5.11.6",
        "contentHash": "VN587K0YvgUlzrCpyRbeAO0OCZUDDjgn03//G7ZGrKatoodMdms6KHNq8A5c+Ssp0HHQBhQA6iqxiCB7ba3how=="
      },
      "NuGet.Packaging": {
        "type": "Transitive",
        "resolved": "5.11.6",
        "contentHash": "BLF0Nrn02BwDIzkOlXAKHSbtLIA5+AICOeJBV/ERb5k/jNLnx/KOP65Du8i3HbmHsUBdhpAJSKB+HkJYqDG2mQ==",
        "dependencies": {
          "Newtonsoft.Json": "9.0.1",
          "NuGet.Configuration": "5.11.6",
          "NuGet.Versioning": "5.11.6",
          "System.Security.Cryptography.Pkcs": "5.0.0"
        }
      },
      "NuGet.Versioning": {
        "type": "Transitive",
        "resolved": "5.11.6",
        "contentHash": "hDFKSOG11WZqudGH7Ds2O+O5/HiIK97LXMmW/oBUwrj+p6k57nAGgLP6l1uJUSSCdXe59MPzzhweA1JaNFK7qg=="
      },
      "Paket.Core": {
        "type": "Transitive",
        "resolved": "10.3.1",
        "contentHash": "Ze6aFN4hgz3q755Jd3PCYeRT4Srb903zEWYqiAZQRnCzqLP5DOdeFWo7creXoHN7hFssQbfRb9Movdpdn8o3mA==",
        "dependencies": {
          "Chessie": "0.6.0",
          "FSharp.Core": "9.0.101",
          "Mono.Cecil": "[0.11.3, 0.12.0)",
          "Newtonsoft.Json": "13.0.1",
          "Nuget.Packaging": "5.11.6",
          "System.Net.Http.WinHttpHandler": "5.0.0",
          "System.Security.Cryptography.ProtectedData": "5.0.0"
        }
      },
      "System.Net.Http.WinHttpHandler": {
        "type": "Transitive",
        "resolved": "5.0.0",
        "contentHash": "Mq6dPidztlkEwzjmzK4gtla8N8MTfjCyd0yub/8DY5UbkbV82wU+kiMoBHHjQ2fY70RrdraEoeZFgH915lHJhg=="
      },
      "System.Security.Cryptography.Pkcs": {
        "type": "Transitive",
        "resolved": "5.0.0",
        "contentHash": "9TPLGjBCGKmNvG8pjwPeuYy0SMVmGZRwlTZvyPHDbYv/DRkoeumJdfumaaDNQzVGMEmbWtg07zUpSW9q70IlDQ=="
      },
      "System.Security.Cryptography.ProtectedData": {
        "type": "Transitive",
        "resolved": "5.0.0",
        "contentHash": "HGxMSAFAPLNoxBvSfW08vHde0F9uh7BjASwu6JF9JnXuEPhCY3YUqURn0+bQV/4UWeaqymmrHWV+Aw9riQCtCA=="
      },
      "queil.fsharp.dependencymanager.paket": {
        "type": "Project",
        "dependencies": {
          "FSharp.Core": "[10.0.102, 10.0.102]",
          "Paket.Core": "[10.3.1, 10.3.1]",
          "Queil.FSharp.Hashing": "[1.0.0, )"
        }
      },
      "queil.fsharp.hashing": {
        "type": "Project",
        "dependencies": {
          "FSharp.Core": "[10.0.102, 10.0.102]"
        }
      }
    }
  }
}