{
  "version": 1,
  "dependencies": {
    "net8.0": {
      "FSharp.Core": {
        "type": "Direct",
        "requested": "[10.1.204, )",
        "resolved": "10.1.204",
        "contentHash": "f2HG4CIS+sfFuRY7DYnEa6P/qEW2g4b6O54jcDD9OkDewWlbk7sd2dbL+Enm3/tVSEsMrgQA7m1+smdizBC6fg=="
      }
    }
  }
}