{
  "version": 1,
  "dependencies": {
    "net10.0": {
      "FSharp.Core": {
        "type": "Direct",
        "requested": "[10.0.103, 10.0.103]",
        "resolved": "10.0.103",
        "contentHash": "GfQInb74eDh9JZ8wx4+t/lOrH1uRqZvneuViVJ8CwbQwmtyyZoeGuzRayL01MNAsm8B6eRenWwJThu01EFPeKg=="
      }
    },
    "net9.0": {
      "FSharp.Core": {
        "type": "Direct",
        "requested": "[9.0.303, 9.0.303]",
        "resolved": "9.0.303",
        "contentHash": "6JlV8aD8qQvcmfoe/PMOxCHXc0uX4lR23u0fAyQtnVQxYULLoTZgwgZHSnRcuUHOvS3wULFWcwdnP1iwslH60g=="
      }
    }
  }
}