{
  "version": 1,
  "dependencies": {
    "net10.0": {
      "FSharp.Core": {
        "type": "Direct",
        "requested": "[10.1.203, 10.1.203]",
        "resolved": "10.1.203",
        "contentHash": "I2MFk72yHqfgI594gKFigq8PVIso0Mh1ZUgG9R4n8gyYQ4IwpBxmvecfjnKA7iMLdVHYULB70PsLwYW/K76gew=="
      },
      "NuGet.Packaging": {
        "type": "Direct",
        "requested": "[5.11.7, )",
        "resolved": "5.11.7",
        "contentHash": "T4GQRKg5D0z3ZQR7s5tvRCG1ObvhPOJUheCTvbph3+YlbDBGOVr9ksjCgGgms2YOk8s3IFXA61pgcWANoqjE4g==",
        "dependencies": {
          "Newtonsoft.Json": "9.0.1",
          "NuGet.Configuration": "5.11.7",
          "NuGet.Versioning": "5.11.7",
          "System.Security.Cryptography.Pkcs": "5.0.0"
        }
      },
      "Paket.Core": {
        "type": "Direct",
        "requested": "[10.3.1, 10.3.1]",
        "resolved": "10.3.1",
        "contentHash": "Ze6aFN4hgz3q755Jd3PCYeRT4Srb903zEWYqiAZQRnCzqLP5DOdeFWo7creXoHN7hFssQbfRb9Movdpdn8o3mA==",
        "dependencies": {
          "Chessie": "0.6.0",
          "FSharp.Core": "9.0.101",
          "Mono.Cecil": "[0.11.3, 0.12.0)",
          "Newtonsoft.Json": "13.0.1",
          "Nuget.Packaging": "5.11.6",
          "System.Net.Http.WinHttpHandler": "5.0.0",
          "System.Security.Cryptography.ProtectedData": "5.0.0"
        }
      },
      "Chessie": {
        "type": "Transitive",
        "resolved": "0.6.0",
        "contentHash": "EzfvxiU+b9WmW2C1Q4Ns2AX2IAq6I6n8P+Lv4gzKmeDoj8FD+goHLMqwoaE08E91nQwlEzxd9iwkdwf5E5YGCQ==",
        "dependencies": {
          "FSharp.Core": "4.0.1.7-alpha",
          "NETStandard.Library": "1.6.0"
        }
      },
      "Microsoft.NETCore.Platforms": {
        "type": "Transitive",
        "resolved": "1.0.1",
        "contentHash": "2G6OjjJzwBfNOO8myRV/nFrbTw5iA+DEm0N+qUqhrOmaVtn4pC77h38I1jsXGw5VH55+dPfQsqHD0We9sCl9FQ=="
      },
      "Mono.Cecil": {
        "type": "Transitive",
        "resolved": "0.11.3",
        "contentHash": "DNYE+io5XfEE8+E+5padThTPHJARJHbz1mhbhMPNrrWGKVKKqj/KEeLvbawAmbIcT73NuxLV7itHZaYCZcVWGg=="
      },
      "NETStandard.Library": {
        "type": "Transitive",
        "resolved": "1.6.0",
        "contentHash": "ypsCvIdCZ4IoYASJHt6tF2fMo7N30NLgV1EbmC+snO490OMl9FvVxmumw14rhReWU3j3g7BYudG6YCrchwHJlA==",
        "dependencies": {
          "Microsoft.NETCore.Platforms": "1.0.1"
        }
      },
      "Newtonsoft.Json": {
        "type": "Transitive",
        "resolved": "13.0.1",
        "contentHash": "ppPFpBcvxdsfUonNcvITKqLl3bqxWbDCZIzDWHzjpdAHRFfZe0Dw9HmA0+za13IdyrgJwpkDTDA9fHaxOrt20A=="
      },
      "NuGet.Common": {
        "type": "Transitive",
        "resolved": "5.11.7",
        "contentHash": "Oggh2phPUvSa701HVKqQrDPCXa06qQ66vHKzktXT4k6ZmrWy7U2xOleKNOJskAeYGVEErm+39TKKjig1y92wHg==",
        "dependencies": {
          "NuGet.Frameworks": "5.11.7"
        }
      },
      "NuGet.Configuration": {
        "type": "Transitive",
        "resolved": "5.11.7",
        "contentHash": "JwDOb/X4za5CE//0Zk6mefzOLtJi+2VzURao8SWYlbP71JIdnk/0X4zo7hW75UsSC8z/1B9nQbS30jCxt6J01g==",
        "dependencies": {
          "NuGet.Common": "5.11.7",
          "System.Security.Cryptography.ProtectedData": "4.4.0"
        }
      },
      "NuGet.Frameworks": {
        "type": "Transitive",
        "resolved": "5.11.7",
        "contentHash": "mwIGf5wcIz5p6Muc0vg33x/LQs7ngaOuO8lEY7UZjIrOJur5r+qwu+Ux9MZshF/IV0JhLm698ev9dT2DIyhfng=="
      },
      "NuGet.Versioning": {
        "type": "Transitive",
        "resolved": "5.11.7",
        "contentHash": "zqlxNkLLDBUYKUekymidXkZadnJ3Jero+hBkLmoh8Qrw+mJkFx+XyVsJWTq2/ttirwLNXm+jakM08y+1tL62Qg=="
      },
      "System.Net.Http.WinHttpHandler": {
        "type": "Transitive",
        "resolved": "5.0.0",
        "contentHash": "Mq6dPidztlkEwzjmzK4gtla8N8MTfjCyd0yub/8DY5UbkbV82wU+kiMoBHHjQ2fY70RrdraEoeZFgH915lHJhg=="
      },
      "System.Security.Cryptography.Pkcs": {
        "type": "Transitive",
        "resolved": "5.0.0",
        "contentHash": "9TPLGjBCGKmNvG8pjwPeuYy0SMVmGZRwlTZvyPHDbYv/DRkoeumJdfumaaDNQzVGMEmbWtg07zUpSW9q70IlDQ=="
      },
      "System.Security.Cryptography.ProtectedData": {
        "type": "Transitive",
        "resolved": "5.0.0",
        "contentHash": "HGxMSAFAPLNoxBvSfW08vHde0F9uh7BjASwu6JF9JnXuEPhCY3YUqURn0+bQV/4UWeaqymmrHWV+Aw9riQCtCA=="
      },
      "queil.fsharp.hashing": {
        "type": "Project",
        "dependencies": {
          "FSharp.Core": "[10.1.203, 10.1.203]"
        }
      }
    },
    "net9.0": {
      "FSharp.Core": {
        "type": "Direct",
        "requested": "[9.0.303, 9.0.303]",
        "resolved": "9.0.303",
        "contentHash": "6JlV8aD8qQvcmfoe/PMOxCHXc0uX4lR23u0fAyQtnVQxYULLoTZgwgZHSnRcuUHOvS3wULFWcwdnP1iwslH60g=="
      },
      "NuGet.Packaging": {
        "type": "Direct",
        "requested": "[5.11.7, )",
        "resolved": "5.11.7",
        "contentHash": "T4GQRKg5D0z3ZQR7s5tvRCG1ObvhPOJUheCTvbph3+YlbDBGOVr9ksjCgGgms2YOk8s3IFXA61pgcWANoqjE4g==",
        "dependencies": {
          "Newtonsoft.Json": "9.0.1",
          "NuGet.Configuration": "5.11.7",
          "NuGet.Versioning": "5.11.7",
          "System.Security.Cryptography.Cng": "5.0.0",
          "System.Security.Cryptography.Pkcs": "5.0.0"
        }
      },
      "Paket.Core": {
        "type": "Direct",
        "requested": "[9.0.2, 9.0.2]",
        "resolved": "9.0.2",
        "contentHash": "8qbYgqP4CrbW0EqJzXeYzQgFD8k7pzMuYkjmK1Buxl8i0jenI0Hm1r9PmgXlLVFbbJ9vj1FtTakm6N5GM8X4/g==",
        "dependencies": {
          "Chessie": "0.6.0",
          "FSharp.Core": "8.0.400",
          "Mono.Cecil": "[0.11.3, 0.12.0)",
          "Newtonsoft.Json": "13.0.1",
          "Nuget.Packaging": "5.9.1",
          "System.Net.Http.WinHttpHandler": "5.0.0",
          "System.Security.Cryptography.ProtectedData": "5.0.0"
        }
      },
      "Chessie": {
        "type": "Transitive",
        "resolved": "0.6.0",
        "contentHash": "EzfvxiU+b9WmW2C1Q4Ns2AX2IAq6I6n8P+Lv4gzKmeDoj8FD+goHLMqwoaE08E91nQwlEzxd9iwkdwf5E5YGCQ==",
        "dependencies": {
          "FSharp.Core": "4.0.1.7-alpha",
          "NETStandard.Library": "1.6.0"
        }
      },
      "Microsoft.NETCore.Platforms": {
        "type": "Transitive",
        "resolved": "1.0.1",
        "contentHash": "2G6OjjJzwBfNOO8myRV/nFrbTw5iA+DEm0N+qUqhrOmaVtn4pC77h38I1jsXGw5VH55+dPfQsqHD0We9sCl9FQ=="
      },
      "Mono.Cecil": {
        "type": "Transitive",
        "resolved": "0.11.3",
        "contentHash": "DNYE+io5XfEE8+E+5padThTPHJARJHbz1mhbhMPNrrWGKVKKqj/KEeLvbawAmbIcT73NuxLV7itHZaYCZcVWGg=="
      },
      "NETStandard.Library": {
        "type": "Transitive",
        "resolved": "1.6.0",
        "contentHash": "ypsCvIdCZ4IoYASJHt6tF2fMo7N30NLgV1EbmC+snO490OMl9FvVxmumw14rhReWU3j3g7BYudG6YCrchwHJlA==",
        "dependencies": {
          "Microsoft.NETCore.Platforms": "1.0.1"
        }
      },
      "Newtonsoft.Json": {
        "type": "Transitive",
        "resolved": "13.0.1",
        "contentHash": "ppPFpBcvxdsfUonNcvITKqLl3bqxWbDCZIzDWHzjpdAHRFfZe0Dw9HmA0+za13IdyrgJwpkDTDA9fHaxOrt20A=="
      },
      "NuGet.Common": {
        "type": "Transitive",
        "resolved": "5.11.7",
        "contentHash": "Oggh2phPUvSa701HVKqQrDPCXa06qQ66vHKzktXT4k6ZmrWy7U2xOleKNOJskAeYGVEErm+39TKKjig1y92wHg==",
        "dependencies": {
          "NuGet.Frameworks": "5.11.7"
        }
      },
      "NuGet.Configuration": {
        "type": "Transitive",
        "resolved": "5.11.7",
        "contentHash": "JwDOb/X4za5CE//0Zk6mefzOLtJi+2VzURao8SWYlbP71JIdnk/0X4zo7hW75UsSC8z/1B9nQbS30jCxt6J01g==",
        "dependencies": {
          "NuGet.Common": "5.11.7",
          "System.Security.Cryptography.ProtectedData": "4.4.0"
        }
      },
      "NuGet.Frameworks": {
        "type": "Transitive",
        "resolved": "5.11.7",
        "contentHash": "mwIGf5wcIz5p6Muc0vg33x/LQs7ngaOuO8lEY7UZjIrOJur5r+qwu+Ux9MZshF/IV0JhLm698ev9dT2DIyhfng=="
      },
      "NuGet.Versioning": {
        "type": "Transitive",
        "resolved": "5.11.7",
        "contentHash": "zqlxNkLLDBUYKUekymidXkZadnJ3Jero+hBkLmoh8Qrw+mJkFx+XyVsJWTq2/ttirwLNXm+jakM08y+1tL62Qg=="
      },
      "System.Net.Http.WinHttpHandler": {
        "type": "Transitive",
        "resolved": "5.0.0",
        "contentHash": "Mq6dPidztlkEwzjmzK4gtla8N8MTfjCyd0yub/8DY5UbkbV82wU+kiMoBHHjQ2fY70RrdraEoeZFgH915lHJhg=="
      },
      "System.Security.Cryptography.Cng": {
        "type": "Transitive",
        "resolved": "5.0.0",
        "contentHash": "jIMXsKn94T9JY7PvPq/tMfqa6GAaHpElRDpmG+SuL+D3+sTw2M8VhnibKnN8Tq+4JqbPJ/f+BwtLeDMEnzAvRg=="
      },
      "System.Security.Cryptography.Pkcs": {
        "type": "Transitive",
        "resolved": "5.0.0",
        "contentHash": "9TPLGjBCGKmNvG8pjwPeuYy0SMVmGZRwlTZvyPHDbYv/DRkoeumJdfumaaDNQzVGMEmbWtg07zUpSW9q70IlDQ==",
        "dependencies": {
          "System.Security.Cryptography.Cng": "5.0.0"
        }
      },
      "System.Security.Cryptography.ProtectedData": {
        "type": "Transitive",
        "resolved": "5.0.0",
        "contentHash": "HGxMSAFAPLNoxBvSfW08vHde0F9uh7BjASwu6JF9JnXuEPhCY3YUqURn0+bQV/4UWeaqymmrHWV+Aw9riQCtCA=="
      },
      "queil.fsharp.hashing": {
        "type": "Project",
        "dependencies": {
          "FSharp.Core": "[9.0.303, 9.0.303]"
        }
      }
    }
  }
}